
Microsoft Visual Studio Solution File, Format Version 12.00
# Visual Studio Version 16
VisualStudioVersion = 16.0.31410.357
MinimumVisualStudioVersion = 10.0.40219.1
Project("{FAE04EC0-301F-11D3-BF4B-00C04F79EFBC}") = "BusinessLayer", "BusinessLayer\BusinessLayer.csproj", "{2458759B-5826-4AFA-BA16-7645EEE783FF}"
EndProject
Project("{FAE04EC0-301F-11D3-BF4B-00C04F79EFBC}") = "DataLayer", "DataLayer\DataLayer.csproj", "{0A3F2ADB-C789-43D0-8727-BD149AA19A17}"
EndProject
Project("{FAE04EC0-301F-11D3-BF4B-00C04F79EFBC}") = "GUI", "GUI\GUI.csproj", "{C7048736-38B7-4858-9787-59281771FB8C}"
EndProject
Project("{FAE04EC0-301F-11D3-BF4B-00C04F79EFBC}") = "Entities", "Entities\Entities.csproj", "{5921218E-38E1-4842-B0ED-7964EFEBD73B}"
EndProject
Global
	GlobalSection(SolutionConfigurationPlatforms) = preSolution
		Debug|Any CPU = Debug|Any CPU
		Release|Any CPU = Release|Any CPU
	EndGlobalSection
	GlobalSection(ProjectConfigurationPlatforms) = postSolution
		{2458759B-5826-4AFA-BA16-7645EEE783FF}.Debug|Any CPU.ActiveCfg = Debug|Any CPU
		{2458759B-5826-4AFA-BA16-7645EEE783FF}.Debug|Any CPU.Build.0 = Debug|Any CPU
		{2458759B-5826-4AFA-BA16-7645EEE783FF}.Release|Any CPU.ActiveCfg = Release|Any CPU
		{2458759B-5826-4AFA-BA16-7645EEE783FF}.Release|Any CPU.Build.0 = Release|Any CPU
		{0A3F2ADB-C789-43D0-8727-BD149AA19A17}.Debug|Any CPU.ActiveCfg = Debug|Any CPU
		{0A3F2ADB-C789-43D0-8727-BD149AA19A17}.Debug|Any CPU.Build.0 = Debug|Any CPU
		{0A3F2ADB-C789-43D0-8727-BD149AA19A17}.Release|Any CPU.ActiveCfg = Release|Any CPU
		{0A3F2ADB-C789-43D0-8727-BD149AA19A17}.Release|Any CPU.Build.0 = Release|Any CPU
		{C7048736-38B7-4858-9787-59281771FB8C}.Debug|Any CPU.ActiveCfg = Debug|Any CPU
		{C7048736-38B7-4858-9787-59281771FB8C}.Debug|Any CPU.Build.0 = Debug|Any CPU
		{C7048736-38B7-4858-9787-59281771FB8C}.Release|Any CPU.ActiveCfg = Release|Any CPU
		{C7048736-38B7-4858-9787-59281771FB8C}.Release|Any CPU.Build.0 = Release|Any CPU
		{5921218E-38E1-4842-B0ED-7964EFEBD73B}.Debug|Any CPU.ActiveCfg = Debug|Any CPU
		{5921218E-38E1-4842-B0ED-7964EFEBD73B}.Debug|Any CPU.Build.0 = Debug|Any CPU
		{5921218E-38E1-4842-B0ED-7964EFEBD73B}.Release|Any CPU.ActiveCfg = Release|Any CPU
		{5921218E-38E1-4842-B0ED-7964EFEBD73B}.Release|Any CPU.Build.0 = Release|Any CPU
	EndGlobalSection
	GlobalSection(SolutionProperties) = preSolution
		HideSolutionNode = FALSE
	EndGlobalSection
	GlobalSection(ExtensibilityGlobals) = postSolution
		SolutionGuid = {02B4E257-8D30-4E34-B9DA-7CBC6AAFAE2F}
	EndGlobalSection
EndGlobal
